
Microsoft Visual Studio Solution File, Format Version 12.00
# Visual Studio 15
VisualStudioVersion = 15.0.28010.2041
MinimumVisualStudioVersion = 10.0.40219.1
Project("{FAE04EC0-301F-11D3-BF4B-00C04F79EFBC}") = "MySQLAC", "MySQLAC\MySQLAC.csproj", "{DFFC4295-1EA4-44CA-8ABE-77DC24B89961}"
EndProject
Global
	GlobalSection(SolutionConfigurationPlatforms) = preSolution
		Debug|Any CPU = Debug|Any CPU
		Release|Any CPU = Release|Any CPU
	EndGlobalSection
	GlobalSection(ProjectConfigurationPlatforms) = postSolution
		{DFFC4295-1EA4-44CA-8ABE-77DC24B89961}.Debug|Any CPU.ActiveCfg = Debug|Any CPU
		{DFFC4295-1EA4-44CA-8ABE-77DC24B89961}.Debug|Any CPU.Build.0 = Debug|Any CPU
		{DFFC4295-1EA4-44CA-8ABE-77DC24B89961}.Release|Any CPU.ActiveCfg = Release|Any CPU
		{DFFC4295-1EA4-44CA-8ABE-77DC24B89961}.Release|Any CPU.Build.0 = Release|Any CPU
	EndGlobalSection
	GlobalSection(SolutionProperties) = preSolution
		HideSolutionNode = FALSE
	EndGlobalSection
	GlobalSection(ExtensibilityGlobals) = postSolution
		SolutionGuid = {E5258C98-D584-4899-9F4F-4245E3DFC718}
	EndGlobalSection
EndGlobal
